// !$*UTF8*$!
{
	archiveVersion = 1;
	classes = {
	};
	objectVersion = 46;
	objects = {

/* Begin PBXBuildFile section */
		53974DC80A0B37DEF79FC5BA /* Pods_AppForVitsolutions.framework in Frameworks */ = {isa = PBXBuildFile; fileRef = 745C68C82A6DB29F6E6B049D /* Pods_AppForVitsolutions.framework */; };
		D0437E461E96347A0047A1E4 /* AFVErrorHandler.swift in Sources */ = {isa = PBXBuildFile; fileRef = D0437E451E9634790047A1E4 /* AFVErrorHandler.swift */; };
		D0D8F15D1E9271B700E6D9F4 /* AppDelegate.swift in Sources */ = {isa = PBXBuildFile; fileRef = D0D8F15C1E9271B700E6D9F4 /* AppDelegate.swift */; };
		D0D8F1641E9271B800E6D9F4 /* Assets.xcassets in Resources */ = {isa = PBXBuildFile; fileRef = D0D8F1631E9271B800E6D9F4 /* Assets.xcassets */; };
		D0D8F1671E9271B800E6D9F4 /* LaunchScreen.storyboard in Resources */ = {isa = PBXBuildFile; fileRef = D0D8F1651E9271B800E6D9F4 /* LaunchScreen.storyboard */; };
		D0D8F1731E92725800E6D9F4 /* AFVInitialScreen.storyboard in Resources */ = {isa = PBXBuildFile; fileRef = D0D8F1721E92725800E6D9F4 /* AFVInitialScreen.storyboard */; };
		D0D8F1771E92742F00E6D9F4 /* AFVInitialViewController.swift in Sources */ = {isa = PBXBuildFile; fileRef = D0D8F1761E92742F00E6D9F4 /* AFVInitialViewController.swift */; };
		D0D8F17B1E92796100E6D9F4 /* AFVMainScreen.storyboard in Resources */ = {isa = PBXBuildFile; fileRef = D0D8F17A1E92796100E6D9F4 /* AFVMainScreen.storyboard */; };
		D0D8F17D1E92798600E6D9F4 /* AFVMainScreenViewController.swift in Sources */ = {isa = PBXBuildFile; fileRef = D0D8F17C1E92798600E6D9F4 /* AFVMainScreenViewController.swift */; };
		D0D8F1801E92807800E6D9F4 /* AFVUploadNewPictureScreen.storyboard in Resources */ = {isa = PBXBuildFile; fileRef = D0D8F17F1E92807800E6D9F4 /* AFVUploadNewPictureScreen.storyboard */; };
		D0D8F1821E9280C900E6D9F4 /* AFVUploadNewPictureViewController.swift in Sources */ = {isa = PBXBuildFile; fileRef = D0D8F1811E9280C900E6D9F4 /* AFVUploadNewPictureViewController.swift */; };
		D0D8F18A1E92844500E6D9F4 /* AFVImageGeneratorViewController.swift in Sources */ = {isa = PBXBuildFile; fileRef = D0D8F1891E92844500E6D9F4 /* AFVImageGeneratorViewController.swift */; };
		D0D8F18C1E92845A00E6D9F4 /* AFVImageGenerator.storyboard in Resources */ = {isa = PBXBuildFile; fileRef = D0D8F18B1E92845A00E6D9F4 /* AFVImageGenerator.storyboard */; };
		D0D8F18F1E92945D00E6D9F4 /* AFVRestApiService.swift in Sources */ = {isa = PBXBuildFile; fileRef = D0D8F18E1E92945D00E6D9F4 /* AFVRestApiService.swift */; };
		D0D8F1911E9294CF00E6D9F4 /* AFVApiService.swift in Sources */ = {isa = PBXBuildFile; fileRef = D0D8F1901E9294CF00E6D9F4 /* AFVApiService.swift */; };
		D0D8F1931E92951600E6D9F4 /* AFVKeychainService.swift in Sources */ = {isa = PBXBuildFile; fileRef = D0D8F1921E92951600E6D9F4 /* AFVKeychainService.swift */; };
		D0D8F1951E92A06400E6D9F4 /* AFVApplicationManager.swift in Sources */ = {isa = PBXBuildFile; fileRef = D0D8F1941E92A06400E6D9F4 /* AFVApplicationManager.swift */; };
		D0D8F1A11E92ADF200E6D9F4 /* AFVSingUpViewController.swift in Sources */ = {isa = PBXBuildFile; fileRef = D0D8F1A01E92ADF200E6D9F4 /* AFVSingUpViewController.swift */; };
		D0D8F1A51E92AE1800E6D9F4 /* AFVSignUpScreen.storyboard in Resources */ = {isa = PBXBuildFile; fileRef = D0D8F1A41E92AE1800E6D9F4 /* AFVSignUpScreen.storyboard */; };
		D0D8F1AD1E9358EB00E6D9F4 /* AFVWeatherViewCell.swift in Sources */ = {isa = PBXBuildFile; fileRef = D0D8F1AC1E9358EA00E6D9F4 /* AFVWeatherViewCell.swift */; };
		D0D8F1B01E935A4000E6D9F4 /* AFVWeather.swift in Sources */ = {isa = PBXBuildFile; fileRef = D0D8F1AF1E935A4000E6D9F4 /* AFVWeather.swift */; };
		D0D8F1B31E93C4FD00E6D9F4 /* AFVImagePickerViewController.swift in Sources */ = {isa = PBXBuildFile; fileRef = D0D8F1B21E93C4FD00E6D9F4 /* AFVImagePickerViewController.swift */; };
		D0D8F1B81E93F6CA00E6D9F4 /* AFVUIImage+GIF.swift in Sources */ = {isa = PBXBuildFile; fileRef = D0D8F1B71E93F6CA00E6D9F4 /* AFVUIImage+GIF.swift */; };
		D0D8F1BA1E94E51F00E6D9F4 /* AFVLocationService.swift in Sources */ = {isa = PBXBuildFile; fileRef = D0D8F1B91E94E51F00E6D9F4 /* AFVLocationService.swift */; };
/* End PBXBuildFile section */

/* Begin PBXFileReference section */
		745C68C82A6DB29F6E6B049D /* Pods_AppForVitsolutions.framework */ = {isa = PBXFileReference; explicitFileType = wrapper.framework; includeInIndex = 0; path = Pods_AppForVitsolutions.framework; sourceTree = BUILT_PRODUCTS_DIR; };
		84DA55D9236A2E1A28A6427F /* Pods-AppForVitsolutions.debug.xcconfig */ = {isa = PBXFileReference; includeInIndex = 1; lastKnownFileType = text.xcconfig; name = "Pods-AppForVitsolutions.debug.xcconfig"; path = "Pods/Target Support Files/Pods-AppForVitsolutions/Pods-AppForVitsolutions.debug.xcconfig"; sourceTree = "<group>"; };
		A02F119C1C936C88D2C371F7 /* Pods-AppForVitsolutions.release.xcconfig */ = {isa = PBXFileReference; includeInIndex = 1; lastKnownFileType = text.xcconfig; name = "Pods-AppForVitsolutions.release.xcconfig"; path = "Pods/Target Support Files/Pods-AppForVitsolutions/Pods-AppForVitsolutions.release.xcconfig"; sourceTree = "<group>"; };
		D0437E451E9634790047A1E4 /* AFVErrorHandler.swift */ = {isa = PBXFileReference; fileEncoding = 4; lastKnownFileType = sourcecode.swift; path = AFVErrorHandler.swift; sourceTree = "<group>"; };
		D0D8F1591E9271B700E6D9F4 /* AppForVitsolutions.app */ = {isa = PBXFileReference; explicitFileType = wrapper.application; includeInIndex = 0; path = AppForVitsolutions.app; sourceTree = BUILT_PRODUCTS_DIR; };
		D0D8F15C1E9271B700E6D9F4 /* AppDelegate.swift */ = {isa = PBXFileReference; lastKnownFileType = sourcecode.swift; path = AppDelegate.swift; sourceTree = "<group>"; };
		D0D8F1631E9271B800E6D9F4 /* Assets.xcassets */ = {isa = PBXFileReference; lastKnownFileType = folder.assetcatalog; path = Assets.xcassets; sourceTree = "<group>"; };
		D0D8F1661E9271B800E6D9F4 /* Base */ = {isa = PBXFileReference; lastKnownFileType = file.storyboard; name = Base; path = Base.lproj/LaunchScreen.storyboard; sourceTree = "<group>"; };
		D0D8F1681E9271B800E6D9F4 /* Info.plist */ = {isa = PBXFileReference; lastKnownFileType = text.plist.xml; path = Info.plist; sourceTree = "<group>"; };
		D0D8F1721E92725800E6D9F4 /* AFVInitialScreen.storyboard */ = {isa = PBXFileReference; fileEncoding = 4; lastKnownFileType = file.storyboard; path = AFVInitialScreen.storyboard; sourceTree = "<group>"; };
		D0D8F1761E92742F00E6D9F4 /* AFVInitialViewController.swift */ = {isa = PBXFileReference; fileEncoding = 4; lastKnownFileType = sourcecode.swift; path = AFVInitialViewController.swift; sourceTree = "<group>"; };
		D0D8F17A1E92796100E6D9F4 /* AFVMainScreen.storyboard */ = {isa = PBXFileReference; fileEncoding = 4; lastKnownFileType = file.storyboard; path = AFVMainScreen.storyboard; sourceTree = "<group>"; };
		D0D8F17C1E92798600E6D9F4 /* AFVMainScreenViewController.swift */ = {isa = PBXFileReference; fileEncoding = 4; lastKnownFileType = sourcecode.swift; path = AFVMainScreenViewController.swift; sourceTree = "<group>"; };
		D0D8F17F1E92807800E6D9F4 /* AFVUploadNewPictureScreen.storyboard */ = {isa = PBXFileReference; fileEncoding = 4; lastKnownFileType = file.storyboard; path = AFVUploadNewPictureScreen.storyboard; sourceTree = "<group>"; };
		D0D8F1811E9280C900E6D9F4 /* AFVUploadNewPictureViewController.swift */ = {isa = PBXFileReference; fileEncoding = 4; lastKnownFileType = sourcecode.swift; path = AFVUploadNewPictureViewController.swift; sourceTree = "<group>"; };
		D0D8F1891E92844500E6D9F4 /* AFVImageGeneratorViewController.swift */ = {isa = PBXFileReference; fileEncoding = 4; lastKnownFileType = sourcecode.swift; path = AFVImageGeneratorViewController.swift; sourceTree = "<group>"; };
		D0D8F18B1E92845A00E6D9F4 /* AFVImageGenerator.storyboard */ = {isa = PBXFileReference; fileEncoding = 4; lastKnownFileType = file.storyboard; path = AFVImageGenerator.storyboard; sourceTree = "<group>"; };
		D0D8F18E1E92945D00E6D9F4 /* AFVRestApiService.swift */ = {isa = PBXFileReference; fileEncoding = 4; lastKnownFileType = sourcecode.swift; path = AFVRestApiService.swift; sourceTree = "<group>"; };
		D0D8F1901E9294CF00E6D9F4 /* AFVApiService.swift */ = {isa = PBXFileReference; fileEncoding = 4; lastKnownFileType = sourcecode.swift; path = AFVApiService.swift; sourceTree = "<group>"; };
		D0D8F1921E92951600E6D9F4 /* AFVKeychainService.swift */ = {isa = PBXFileReference; fileEncoding = 4; lastKnownFileType = sourcecode.swift; path = AFVKeychainService.swift; sourceTree = "<group>"; };
		D0D8F1941E92A06400E6D9F4 /* AFVApplicationManager.swift */ = {isa = PBXFileReference; fileEncoding = 4; lastKnownFileType = sourcecode.swift; path = AFVApplicationManager.swift; sourceTree = "<group>"; };
		D0D8F1A01E92ADF200E6D9F4 /* AFVSingUpViewController.swift */ = {isa = PBXFileReference; fileEncoding = 4; lastKnownFileType = sourcecode.swift; path = AFVSingUpViewController.swift; sourceTree = "<group>"; };
		D0D8F1A41E92AE1800E6D9F4 /* AFVSignUpScreen.storyboard */ = {isa = PBXFileReference; fileEncoding = 4; lastKnownFileType = file.storyboard; path = AFVSignUpScreen.storyboard; sourceTree = "<group>"; };
		D0D8F1AC1E9358EA00E6D9F4 /* AFVWeatherViewCell.swift */ = {isa = PBXFileReference; fileEncoding = 4; lastKnownFileType = sourcecode.swift; path = AFVWeatherViewCell.swift; sourceTree = "<group>"; };
		D0D8F1AF1E935A4000E6D9F4 /* AFVWeather.swift */ = {isa = PBXFileReference; fileEncoding = 4; lastKnownFileType = sourcecode.swift; path = AFVWeather.swift; sourceTree = "<group>"; };
		D0D8F1B21E93C4FD00E6D9F4 /* AFVImagePickerViewController.swift */ = {isa = PBXFileReference; fileEncoding = 4; lastKnownFileType = sourcecode.swift; path = AFVImagePickerViewController.swift; sourceTree = "<group>"; };
		D0D8F1B71E93F6CA00E6D9F4 /* AFVUIImage+GIF.swift */ = {isa = PBXFileReference; fileEncoding = 4; lastKnownFileType = sourcecode.swift; path = "AFVUIImage+GIF.swift"; sourceTree = "<group>"; };
		D0D8F1B91E94E51F00E6D9F4 /* AFVLocationService.swift */ = {isa = PBXFileReference; fileEncoding = 4; lastKnownFileType = sourcecode.swift; path = AFVLocationService.swift; sourceTree = "<group>"; };
/* End PBXFileReference section */

/* Begin PBXFrameworksBuildPhase section */
		D0D8F1561E9271B700E6D9F4 /* Frameworks */ = {
			isa = PBXFrameworksBuildPhase;
			buildActionMask = 2147483647;
			files = (
				53974DC80A0B37DEF79FC5BA /* Pods_AppForVitsolutions.framework in Frameworks */,
			);
			runOnlyForDeploymentPostprocessing = 0;
		};
/* End PBXFrameworksBuildPhase section */

/* Begin PBXGroup section */
		0EB2867BEAD3C19140CAF0A2 /* Frameworks */ = {
			isa = PBXGroup;
			children = (
				745C68C82A6DB29F6E6B049D /* Pods_AppForVitsolutions.framework */,
			);
			name = Frameworks;
			sourceTree = "<group>";
		};
		453F6CDD592FE4B1C723F860 /* Pods */ = {
			isa = PBXGroup;
			children = (
				84DA55D9236A2E1A28A6427F /* Pods-AppForVitsolutions.debug.xcconfig */,
				A02F119C1C936C88D2C371F7 /* Pods-AppForVitsolutions.release.xcconfig */,
			);
			name = Pods;
			sourceTree = "<group>";
		};
		D0D8F1501E9271B700E6D9F4 = {
			isa = PBXGroup;
			children = (
				D0D8F15B1E9271B700E6D9F4 /* AppForVitsolutions */,
				D0D8F15A1E9271B700E6D9F4 /* Products */,
				453F6CDD592FE4B1C723F860 /* Pods */,
				0EB2867BEAD3C19140CAF0A2 /* Frameworks */,
			);
			sourceTree = "<group>";
		};
		D0D8F15A1E9271B700E6D9F4 /* Products */ = {
			isa = PBXGroup;
			children = (
				D0D8F1591E9271B700E6D9F4 /* AppForVitsolutions.app */,
			);
			name = Products;
			sourceTree = "<group>";
		};
		D0D8F15B1E9271B700E6D9F4 /* AppForVitsolutions */ = {
			isa = PBXGroup;
			children = (
				D0D8F1B11E93C42700E6D9F4 /* Helpers */,
				D0D8F1AE1E935A1700E6D9F4 /* Models */,
				D0D8F18D1E92942400E6D9F4 /* Servises */,
				D0D8F1701E92720800E6D9F4 /* Presentation */,
				D0D8F16E1E9271EB00E6D9F4 /* Application Layer */,
				D0D8F16F1E9271F900E6D9F4 /* Supporting Files */,
			);
			path = AppForVitsolutions;
			sourceTree = "<group>";
		};
		D0D8F16E1E9271EB00E6D9F4 /* Application Layer */ = {
			isa = PBXGroup;
			children = (
				D0D8F15C1E9271B700E6D9F4 /* AppDelegate.swift */,
				D0D8F1941E92A06400E6D9F4 /* AFVApplicationManager.swift */,
			);
			name = "Application Layer";
			sourceTree = "<group>";
		};
		D0D8F16F1E9271F900E6D9F4 /* Supporting Files */ = {
			isa = PBXGroup;
			children = (
				D0D8F1631E9271B800E6D9F4 /* Assets.xcassets */,
				D0D8F1651E9271B800E6D9F4 /* LaunchScreen.storyboard */,
				D0D8F1681E9271B800E6D9F4 /* Info.plist */,
			);
			name = "Supporting Files";
			sourceTree = "<group>";
		};
		D0D8F1701E92720800E6D9F4 /* Presentation */ = {
			isa = PBXGroup;
			children = (
				D0D8F1711E92721100E6D9F4 /* Initial Screen */,
				D0D8F19D1E92ADA000E6D9F4 /* Sign Up Screen */,
				D0D8F1841E9281F600E6D9F4 /* GIF Images Generator */,
				D0D8F17E1E92803C00E6D9F4 /* Upload New Picture Screen */,
				D0D8F1791E92794300E6D9F4 /* Main Screen */,
			);
			name = Presentation;
			sourceTree = "<group>";
		};
		D0D8F1711E92721100E6D9F4 /* Initial Screen */ = {
			isa = PBXGroup;
			children = (
				D0D8F1721E92725800E6D9F4 /* AFVInitialScreen.storyboard */,
				D0D8F1761E92742F00E6D9F4 /* AFVInitialViewController.swift */,
			);
			name = "Initial Screen";
			sourceTree = "<group>";
		};
		D0D8F1791E92794300E6D9F4 /* Main Screen */ = {
			isa = PBXGroup;
			children = (
				D0D8F17A1E92796100E6D9F4 /* AFVMainScreen.storyboard */,
				D0D8F1AC1E9358EA00E6D9F4 /* AFVWeatherViewCell.swift */,
				D0D8F17C1E92798600E6D9F4 /* AFVMainScreenViewController.swift */,
			);
			name = "Main Screen";
			sourceTree = "<group>";
		};
		D0D8F17E1E92803C00E6D9F4 /* Upload New Picture Screen */ = {
			isa = PBXGroup;
			children = (
				D0D8F17F1E92807800E6D9F4 /* AFVUploadNewPictureScreen.storyboard */,
				D0D8F1811E9280C900E6D9F4 /* AFVUploadNewPictureViewController.swift */,
			);
			name = "Upload New Picture Screen";
			sourceTree = "<group>";
		};
		D0D8F1841E9281F600E6D9F4 /* GIF Images Generator */ = {
			isa = PBXGroup;
			children = (
				D0D8F1891E92844500E6D9F4 /* AFVImageGeneratorViewController.swift */,
				D0D8F18B1E92845A00E6D9F4 /* AFVImageGenerator.storyboard */,
			);
			name = "GIF Images Generator";
			sourceTree = "<group>";
		};
		D0D8F18D1E92942400E6D9F4 /* Servises */ = {
			isa = PBXGroup;
			children = (
				D0D8F1901E9294CF00E6D9F4 /* AFVApiService.swift */,
				D0D8F18E1E92945D00E6D9F4 /* AFVRestApiService.swift */,
				D0D8F1B91E94E51F00E6D9F4 /* AFVLocationService.swift */,
				D0D8F1921E92951600E6D9F4 /* AFVKeychainService.swift */,
			);
			name = Servises;
			sourceTree = "<group>";
		};
		D0D8F19D1E92ADA000E6D9F4 /* Sign Up Screen */ = {
			isa = PBXGroup;
			children = (
				D0D8F1A01E92ADF200E6D9F4 /* AFVSingUpViewController.swift */,
				D0D8F1A41E92AE1800E6D9F4 /* AFVSignUpScreen.storyboard */,
			);
			name = "Sign Up Screen";
			sourceTree = "<group>";
		};
		D0D8F1AE1E935A1700E6D9F4 /* Models */ = {
			isa = PBXGroup;
			children = (
				D0D8F1AF1E935A4000E6D9F4 /* AFVWeather.swift */,
			);
			name = Models;
			sourceTree = "<group>";
		};
		D0D8F1B11E93C42700E6D9F4 /* Helpers */ = {
			isa = PBXGroup;
			children = (
				D0D8F1B21E93C4FD00E6D9F4 /* AFVImagePickerViewController.swift */,
				D0D8F1B71E93F6CA00E6D9F4 /* AFVUIImage+GIF.swift */,
				D0437E451E9634790047A1E4 /* AFVErrorHandler.swift */,
			);
			name = Helpers;
			sourceTree = "<group>";
		};
/* End PBXGroup section */

/* Begin PBXNativeTarget section */
		D0D8F1581E9271B700E6D9F4 /* AppForVitsolutions */ = {
			isa = PBXNativeTarget;
			buildConfigurationList = D0D8F16B1E9271B800E6D9F4 /* Build configuration list for PBXNativeTarget "AppForVitsolutions" */;
			buildPhases = (
				42BCA76690289AE171A024E6 /* [CP] Check Pods Manifest.lock */,
				D0D8F1551E9271B700E6D9F4 /* Sources */,
				D0D8F1561E9271B700E6D9F4 /* Frameworks */,
				D0D8F1571E9271B700E6D9F4 /* Resources */,
				8B7C5ED91F6B8B4CDB63DE54 /* [CP] Embed Pods Frameworks */,
				34EE37D7B73B2C8070EC827A /* [CP] Copy Pods Resources */,
			);
			buildRules = (
			);
			dependencies = (
			);
			name = AppForVitsolutions;
			productName = AppForVitsolutions;
			productReference = D0D8F1591E9271B700E6D9F4 /* AppForVitsolutions.app */;
			productType = "com.apple.product-type.application";
		};
/* End PBXNativeTarget section */

/* Begin PBXProject section */
		D0D8F1511E9271B700E6D9F4 /* Project object */ = {
			isa = PBXProject;
			attributes = {
				LastSwiftUpdateCheck = 0820;
				LastUpgradeCheck = 0820;
				ORGANIZATIONNAME = "Ivashin Dmitry";
				TargetAttributes = {
					D0D8F1581E9271B700E6D9F4 = {
						CreatedOnToolsVersion = 8.2;
						ProvisioningStyle = Automatic;
					};
				};
			};
			buildConfigurationList = D0D8F1541E9271B700E6D9F4 /* Build configuration list for PBXProject "AppForVitsolutions" */;
			compatibilityVersion = "Xcode 3.2";
			developmentRegion = English;
			hasScannedForEncodings = 0;
			knownRegions = (
				en,
				Base,
			);
			mainGroup = D0D8F1501E9271B700E6D9F4;
			productRefGroup = D0D8F15A1E9271B700E6D9F4 /* Products */;
			projectDirPath = "";
			projectRoot = "";
			targets = (
				D0D8F1581E9271B700E6D9F4 /* AppForVitsolutions */,
			);
		};
/* End PBXProject section */

/* Begin PBXResourcesBuildPhase section */
		D0D8F1571E9271B700E6D9F4 /* Resources */ = {
			isa = PBXResourcesBuildPhase;
			buildActionMask = 2147483647;
			files = (
				D0D8F18C1E92845A00E6D9F4 /* AFVImageGenerator.storyboard in Resources */,
				D0D8F1801E92807800E6D9F4 /* AFVUploadNewPictureScreen.storyboard in Resources */,
				D0D8F1A51E92AE1800E6D9F4 /* AFVSignUpScreen.storyboard in Resources */,
				D0D8F1671E9271B800E6D9F4 /* LaunchScreen.storyboard in Resources */,
				D0D8F17B1E92796100E6D9F4 /* AFVMainScreen.storyboard in Resources */,
				D0D8F1641E9271B800E6D9F4 /* Assets.xcassets in Resources */,
				D0D8F1731E92725800E6D9F4 /* AFVInitialScreen.storyboard in Resources */,
			);
			runOnlyForDeploymentPostprocessing = 0;
		};
/* End PBXResourcesBuildPhase section */

/* Begin PBXShellScriptBuildPhase section */
		34EE37D7B73B2C8070EC827A /* [CP] Copy Pods Resources */ = {
			isa = PBXShellScriptBuildPhase;
			buildActionMask = 2147483647;
			files = (
			);
			inputPaths = (
			);
			name = "[CP] Copy Pods Resources";
			outputPaths = (
			);
			runOnlyForDeploymentPostprocessing = 0;
			shellPath = /bin/sh;
			shellScript = "\"${SRCROOT}/Pods/Target Support Files/Pods-AppForVitsolutions/Pods-AppForVitsolutions-resources.sh\"\n";
			showEnvVarsInLog = 0;
		};
		42BCA76690289AE171A024E6 /* [CP] Check Pods Manifest.lock */ = {
			isa = PBXShellScriptBuildPhase;
			buildActionMask = 2147483647;
			files = (
			);
			inputPaths = (
			);
			name = "[CP] Check Pods Manifest.lock";
			outputPaths = (
			);
			runOnlyForDeploymentPostprocessing = 0;
			shellPath = /bin/sh;
			shellScript = "diff \"${PODS_ROOT}/../Podfile.lock\" \"${PODS_ROOT}/Manifest.lock\" > /dev/null\nif [ $? != 0 ] ; then\n    # print error to STDERR\n    echo \"error: The sandbox is not in sync with the Podfile.lock. Run 'pod install' or update your CocoaPods installation.\" >&2\n    exit 1\nfi\n";
			showEnvVarsInLog = 0;
		};
		8B7C5ED91F6B8B4CDB63DE54 /* [CP] Embed Pods Frameworks */ = {
			isa = PBXShellScriptBuildPhase;
			buildActionMask = 2147483647;
			files = (
			);
			inputPaths = (
			);
			name = "[CP] Embed Pods Frameworks";
			outputPaths = (
			);
			runOnlyForDeploymentPostprocessing = 0;
			shellPath = /bin/sh;
			shellScript = "\"${SRCROOT}/Pods/Target Support Files/Pods-AppForVitsolutions/Pods-AppForVitsolutions-frameworks.sh\"\n";
			showEnvVarsInLog = 0;
		};
/* End PBXShellScriptBuildPhase section */

/* Begin PBXSourcesBuildPhase section */
		D0D8F1551E9271B700E6D9F4 /* Sources */ = {
			isa = PBXSourcesBuildPhase;
			buildActionMask = 2147483647;
			files = (
				D0D8F18F1E92945D00E6D9F4 /* AFVRestApiService.swift in Sources */,
				D0D8F18A1E92844500E6D9F4 /* AFVImageGeneratorViewController.swift in Sources */,
				D0D8F15D1E9271B700E6D9F4 /* AppDelegate.swift in Sources */,
				D0D8F1821E9280C900E6D9F4 /* AFVUploadNewPictureViewController.swift in Sources */,
				D0D8F1B31E93C4FD00E6D9F4 /* AFVImagePickerViewController.swift in Sources */,
				D0437E461E96347A0047A1E4 /* AFVErrorHandler.swift in Sources */,
				D0D8F1BA1E94E51F00E6D9F4 /* AFVLocationService.swift in Sources */,
				D0D8F1B01E935A4000E6D9F4 /* AFVWeather.swift in Sources */,
				D0D8F1911E9294CF00E6D9F4 /* AFVApiService.swift in Sources */,
				D0D8F1931E92951600E6D9F4 /* AFVKeychainService.swift in Sources */,
				D0D8F1A11E92ADF200E6D9F4 /* AFVSingUpViewController.swift in Sources */,
				D0D8F1AD1E9358EB00E6D9F4 /* AFVWeatherViewCell.swift in Sources */,
				D0D8F17D1E92798600E6D9F4 /* AFVMainScreenViewController.swift in Sources */,
				D0D8F1B81E93F6CA00E6D9F4 /* AFVUIImage+GIF.swift in Sources */,
				D0D8F1951E92A06400E6D9F4 /* AFVApplicationManager.swift in Sources */,
				D0D8F1771E92742F00E6D9F4 /* AFVInitialViewController.swift in Sources */,
			);
			runOnlyForDeploymentPostprocessing = 0;
		};
/* End PBXSourcesBuildPhase section */

/* Begin PBXVariantGroup section */
		D0D8F1651E9271B800E6D9F4 /* LaunchScreen.storyboard */ = {
			isa = PBXVariantGroup;
			children = (
				D0D8F1661E9271B800E6D9F4 /* Base */,
			);
			name = LaunchScreen.storyboard;
			sourceTree = "<group>";
		};
/* End PBXVariantGroup section */

/* Begin XCBuildConfiguration section */
		D0D8F1691E9271B800E6D9F4 /* Debug */ = {
			isa = XCBuildConfiguration;
			buildSettings = {
				ALWAYS_SEARCH_USER_PATHS = NO;
				CLANG_ANALYZER_NONNULL = YES;
				CLANG_CXX_LANGUAGE_STANDARD = "gnu++0x";
				CLANG_CXX_LIBRARY = "libc++";
				CLANG_ENABLE_MODULES = YES;
				CLANG_ENABLE_OBJC_ARC = YES;
				CLANG_WARN_BOOL_CONVERSION = YES;
				CLANG_WARN_CONSTANT_CONVERSION = YES;
				CLANG_WARN_DIRECT_OBJC_ISA_USAGE = YES_ERROR;
				CLANG_WARN_DOCUMENTATION_COMMENTS = YES;
				CLANG_WARN_EMPTY_BODY = YES;
				CLANG_WARN_ENUM_CONVERSION = YES;
				CLANG_WARN_INFINITE_RECURSION = YES;
				CLANG_WARN_INT_CONVERSION = YES;
				CLANG_WARN_OBJC_ROOT_CLASS = YES_ERROR;
				CLANG_WARN_SUSPICIOUS_MOVE = YES;
				CLANG_WARN_UNREACHABLE_CODE = YES;
				CLANG_WARN__DUPLICATE_METHOD_MATCH = YES;
				"CODE_SIGN_IDENTITY[sdk=iphoneos*]" = "iPhone Developer";
				COPY_PHASE_STRIP = NO;
				DEBUG_INFORMATION_FORMAT = dwarf;
				ENABLE_STRICT_OBJC_MSGSEND = YES;
				ENABLE_TESTABILITY = YES;
				GCC_C_LANGUAGE_STANDARD = gnu99;
				GCC_DYNAMIC_NO_PIC = NO;
				GCC_NO_COMMON_BLOCKS = YES;
				GCC_OPTIMIZATION_LEVEL = 0;
				GCC_PREPROCESSOR_DEFINITIONS = (
					"DEBUG=1",
					"$(inherited)",
				);
				GCC_WARN_64_TO_32_BIT_CONVERSION = YES;
				GCC_WARN_ABOUT_RETURN_TYPE = YES_ERROR;
				GCC_WARN_UNDECLARED_SELECTOR = YES;
				GCC_WARN_UNINITIALIZED_AUTOS = YES_AGGRESSIVE;
				GCC_WARN_UNUSED_FUNCTION = YES;
				GCC_WARN_UNUSED_VARIABLE = YES;
				IPHONEOS_DEPLOYMENT_TARGET = 10.2;
				MTL_ENABLE_DEBUG_INFO = YES;
				ONLY_ACTIVE_ARCH = YES;
				SDKROOT = iphoneos;
				SWIFT_ACTIVE_COMPILATION_CONDITIONS = DEBUG;
				SWIFT_OPTIMIZATION_LEVEL = "-Onone";
			};
			name = Debug;
		};
		D0D8F16A1E9271B800E6D9F4 /* Release */ = {
			isa = XCBuildConfiguration;
			buildSettings = {
				ALWAYS_SEARCH_USER_PATHS = NO;
				CLANG_ANALYZER_NONNULL = YES;
				CLANG_CXX_LANGUAGE_STANDARD = "gnu++0x";
				CLANG_CXX_LIBRARY = "libc++";
				CLANG_ENABLE_MODULES = YES;
				CLANG_ENABLE_OBJC_ARC = YES;
				CLANG_WARN_BOOL_CONVERSION = YES;
				CLANG_WARN_CONSTANT_CONVERSION = YES;
				CLANG_WARN_DIRECT_OBJC_ISA_USAGE = YES_ERROR;
				CLANG_WARN_DOCUMENTATION_COMMENTS = YES;
				CLANG_WARN_EMPTY_BODY = YES;
				CLANG_WARN_ENUM_CONVERSION = YES;
				CLANG_WARN_INFINITE_RECURSION = YES;
				CLANG_WARN_INT_CONVERSION = YES;
				CLANG_WARN_OBJC_ROOT_CLASS = YES_ERROR;
				CLANG_WARN_SUSPICIOUS_MOVE = YES;
				CLANG_WARN_UNREACHABLE_CODE = YES;
				CLANG_WARN__DUPLICATE_METHOD_MATCH = YES;
				"CODE_SIGN_IDENTITY[sdk=iphoneos*]" = "iPhone Developer";
				COPY_PHASE_STRIP = NO;
				DEBUG_INFORMATION_FORMAT = "dwarf-with-dsym";
				ENABLE_NS_ASSERTIONS = NO;
				ENABLE_STRICT_OBJC_MSGSEND = YES;
				GCC_C_LANGUAGE_STANDARD = gnu99;
				GCC_NO_COMMON_BLOCKS = YES;
				GCC_WARN_64_TO_32_BIT_CONVERSION = YES;
				GCC_WARN_ABOUT_RETURN_TYPE = YES_ERROR;
				GCC_WARN_UNDECLARED_SELECTOR = YES;
				GCC_WARN_UNINITIALIZED_AUTOS = YES_AGGRESSIVE;
				GCC_WARN_UNUSED_FUNCTION = YES;
				GCC_WARN_UNUSED_VARIABLE = YES;
				IPHONEOS_DEPLOYMENT_TARGET = 10.2;
				MTL_ENABLE_DEBUG_INFO = NO;
				SDKROOT = iphoneos;
				SWIFT_OPTIMIZATION_LEVEL = "-Owholemodule";
				VALIDATE_PRODUCT = YES;
			};
			name = Release;
		};
		D0D8F16C1E9271B800E6D9F4 /* Debug */ = {
			isa = XCBuildConfiguration;
			baseConfigurationReference = 84DA55D9236A2E1A28A6427F /* Pods-AppForVitsolutions.debug.xcconfig */;
			buildSettings = {
				ASSETCATALOG_COMPILER_APPICON_NAME = AppIcon;
				INFOPLIST_FILE = AppForVitsolutions/Info.plist;
				LD_RUNPATH_SEARCH_PATHS = "$(inherited) @executable_path/Frameworks";
				PRODUCT_BUNDLE_IDENTIFIER = MyCompany.AppForVitsolutions;
				PRODUCT_NAME = "$(TARGET_NAME)";
				SWIFT_VERSION = 3.0;
			};
			name = Debug;
		};
		D0D8F16D1E9271B800E6D9F4 /* Release */ = {
			isa = XCBuildConfiguration;
			baseConfigurationReference = A02F119C1C936C88D2C371F7 /* Pods-AppForVitsolutions.release.xcconfig */;
			buildSettings = {
				ASSETCATALOG_COMPILER_APPICON_NAME = AppIcon;
				INFOPLIST_FILE = AppForVitsolutions/Info.plist;
				LD_RUNPATH_SEARCH_PATHS = "$(inherited) @executable_path/Frameworks";
				PRODUCT_BUNDLE_IDENTIFIER = MyCompany.AppForVitsolutions;
				PRODUCT_NAME = "$(TARGET_NAME)";
				SWIFT_VERSION = 3.0;
			};
			name = Release;
		};
/* End XCBuildConfiguration section */

/* Begin XCConfigurationList section */
		D0D8F1541E9271B700E6D9F4 /* Build configuration list for PBXProject "AppForVitsolutions" */ = {
			isa = XCConfigurationList;
			buildConfigurations = (
				D0D8F1691E9271B800E6D9F4 /* Debug */,
				D0D8F16A1E9271B800E6D9F4 /* Release */,
			);
			defaultConfigurationIsVisible = 0;
			defaultConfigurationName = Release;
		};
		D0D8F16B1E9271B800E6D9F4 /* Build configuration list for PBXNativeTarget "AppForVitsolutions" */ = {
			isa = XCConfigurationList;
			buildConfigurations = (
				D0D8F16C1E9271B800E6D9F4 /* Debug */,
				D0D8F16D1E9271B800E6D9F4 /* Release */,
			);
			defaultConfigurationIsVisible = 0;
			defaultConfigurationName = Release;
		};
/* End XCConfigurationList section */
	};
	rootObject = D0D8F1511E9271B700E6D9F4 /* Project object */;
}
